{
    "_meta": {
        "hash": {
            "sha256": "883b40a781c05d246906d16b1d981f1b65f2c4787de63cf46e243471d76e9e90"
        },
        "pipfile-spec": 6,
        "requires": {
            "python_version": "3.6"
        },
        "sources": [
            {
                "name": "pypi",
                "url": "https://pypi.org/simple",
                "verify_ssl": true
            }
        ]
    },
    "default": {
        "future": {
            "hashes": [
                "sha256:858e38522e8fd0d3ce8f0c1feaf0603358e366d5403209674c7b617fa0c24093"
            ],
            "version": "==0.18.1"
        },
        "meson": {
            "hashes": [
                "sha256:90a6542886e8b6a03439bdfde802de8a7af6ed462654dfc95e7420073d66a315"
            ],
            "index": "pypi",
            "version": "==0.52.0"
        },
        "python-jsonrpc-server": {
            "hashes": [
                "sha256:59ce9c9523c14c493a327b3a27ee37464a36dc2b9d8ab485ecbcedd38840380a"
            ],
            "index": "pypi",
            "version": "==0.2.0"
        }
    },
    "develop": {}
}
